// !$*UTF8*$!
{
	archiveVersion = 1;
	classes = {
	};
	objectVersion = 50;
	objects = {

/* Begin PBXBuildFile section */
		7F492DCA33B063CC522864B0 /* Pods_Instagram_likeUITests.framework in Frameworks */ = {isa = PBXBuildFile; fileRef = A6610F11D518819CB91959F5 /* Pods_Instagram_likeUITests.framework */; };
		91944DB959917DC334637806 /* Pods_Instagram_like.framework in Frameworks */ = {isa = PBXBuildFile; fileRef = 7C77130E85A433F4E8734680 /* Pods_Instagram_like.framework */; };
		9F7A6BFDFDCBF088A773DD22 /* Pods_Instagram_likeTests.framework in Frameworks */ = {isa = PBXBuildFile; fileRef = 1F35EA2E21176AA2A4A8FF73 /* Pods_Instagram_likeTests.framework */; };
		FCA8950420C08BFB00DDB37D /* UploadViewController.swift in Sources */ = {isa = PBXBuildFile; fileRef = FCA8950320C08BFB00DDB37D /* UploadViewController.swift */; };
		FCA8950620C0DDE900DDB37D /* PostCell.swift in Sources */ = {isa = PBXBuildFile; fileRef = FCA8950520C0DDE900DDB37D /* PostCell.swift */; };
		FCA8950820C0E06000DDB37D /* Post.swift in Sources */ = {isa = PBXBuildFile; fileRef = FCA8950720C0E06000DDB37D /* Post.swift */; };
		FCA8950A20C0E10200DDB37D /* FeedViewController.swift in Sources */ = {isa = PBXBuildFile; fileRef = FCA8950920C0E10200DDB37D /* FeedViewController.swift */; };
		FCE366FF20BDCABD0029A38E /* AppDelegate.swift in Sources */ = {isa = PBXBuildFile; fileRef = FCE366FE20BDCABD0029A38E /* AppDelegate.swift */; };
		FCE3670420BDCABD0029A38E /* Main.storyboard in Resources */ = {isa = PBXBuildFile; fileRef = FCE3670220BDCABD0029A38E /* Main.storyboard */; };
		FCE3670620BDCABF0029A38E /* Assets.xcassets in Resources */ = {isa = PBXBuildFile; fileRef = FCE3670520BDCABF0029A38E /* Assets.xcassets */; };
		FCE3670920BDCABF0029A38E /* LaunchScreen.storyboard in Resources */ = {isa = PBXBuildFile; fileRef = FCE3670720BDCABF0029A38E /* LaunchScreen.storyboard */; };
		FCE3671420BDCABF0029A38E /* Instagram_likeTests.swift in Sources */ = {isa = PBXBuildFile; fileRef = FCE3671320BDCABF0029A38E /* Instagram_likeTests.swift */; };
		FCE3671F20BDCABF0029A38E /* Instagram_likeUITests.swift in Sources */ = {isa = PBXBuildFile; fileRef = FCE3671E20BDCABF0029A38E /* Instagram_likeUITests.swift */; };
		FCE3672D20BDCCF50029A38E /* GoogleService-Info.plist in Resources */ = {isa = PBXBuildFile; fileRef = FCE3672C20BDCCF50029A38E /* GoogleService-Info.plist */; };
		FCE3672F20BDD7B70029A38E /* SignUpViewController.swift in Sources */ = {isa = PBXBuildFile; fileRef = FCE3672E20BDD7B70029A38E /* SignUpViewController.swift */; };
		FCE3673120C03F0F0029A38E /* LoginViewController.swift in Sources */ = {isa = PBXBuildFile; fileRef = FCE3673020C03F0F0029A38E /* LoginViewController.swift */; };
		FCE3673320C049980029A38E /* UserCell.swift in Sources */ = {isa = PBXBuildFile; fileRef = FCE3673220C049980029A38E /* UserCell.swift */; };
		FCE3673520C04E5D0029A38E /* UsersViewController.swift in Sources */ = {isa = PBXBuildFile; fileRef = FCE3673420C04E5D0029A38E /* UsersViewController.swift */; };
		FCE3673A20C053810029A38E /* User.swift in Sources */ = {isa = PBXBuildFile; fileRef = FCE3673920C053810029A38E /* User.swift */; };
/* End PBXBuildFile section */

/* Begin PBXContainerItemProxy section */
		FCE3671020BDCABF0029A38E /* PBXContainerItemProxy */ = {
			isa = PBXContainerItemProxy;
			containerPortal = FCE366F320BDCABC0029A38E /* Project object */;
			proxyType = 1;
			remoteGlobalIDString = FCE366FA20BDCABC0029A38E;
			remoteInfo = "Instagram-like";
		};
		FCE3671B20BDCABF0029A38E /* PBXContainerItemProxy */ = {
			isa = PBXContainerItemProxy;
			containerPortal = FCE366F320BDCABC0029A38E /* Project object */;
			proxyType = 1;
			remoteGlobalIDString = FCE366FA20BDCABC0029A38E;
			remoteInfo = "Instagram-like";
		};
/* End PBXContainerItemProxy section */

/* Begin PBXFileReference section */
		1F35EA2E21176AA2A4A8FF73 /* Pods_Instagram_likeTests.framework */ = {isa = PBXFileReference; explicitFileType = wrapper.framework; includeInIndex = 0; path = Pods_Instagram_likeTests.framework; sourceTree = BUILT_PRODUCTS_DIR; };
		5814FDFCAE11065174A714B8 /* Pods-Instagram-likeTests.release.xcconfig */ = {isa = PBXFileReference; includeInIndex = 1; lastKnownFileType = text.xcconfig; name = "Pods-Instagram-likeTests.release.xcconfig"; path = "Pods/Target Support Files/Pods-Instagram-likeTests/Pods-Instagram-likeTests.release.xcconfig"; sourceTree = "<group>"; };
		72596291AC120053663B2FE7 /* Pods-Instagram-like.release.xcconfig */ = {isa = PBXFileReference; includeInIndex = 1; lastKnownFileType = text.xcconfig; name = "Pods-Instagram-like.release.xcconfig"; path = "Pods/Target Support Files/Pods-Instagram-like/Pods-Instagram-like.release.xcconfig"; sourceTree = "<group>"; };
		7C77130E85A433F4E8734680 /* Pods_Instagram_like.framework */ = {isa = PBXFileReference; explicitFileType = wrapper.framework; includeInIndex = 0; path = Pods_Instagram_like.framework; sourceTree = BUILT_PRODUCTS_DIR; };
		9AAF0B5AE8C95388BB6128D4 /* Pods-Instagram-likeUITests.release.xcconfig */ = {isa = PBXFileReference; includeInIndex = 1; lastKnownFileType = text.xcconfig; name = "Pods-Instagram-likeUITests.release.xcconfig"; path = "Pods/Target Support Files/Pods-Instagram-likeUITests/Pods-Instagram-likeUITests.release.xcconfig"; sourceTree = "<group>"; };
		9AFE1370A2011CBF650BE587 /* Pods-Instagram-likeTests.debug.xcconfig */ = {isa = PBXFileReference; includeInIndex = 1; lastKnownFileType = text.xcconfig; name = "Pods-Instagram-likeTests.debug.xcconfig"; path = "Pods/Target Support Files/Pods-Instagram-likeTests/Pods-Instagram-likeTests.debug.xcconfig"; sourceTree = "<group>"; };
		A6610F11D518819CB91959F5 /* Pods_Instagram_likeUITests.framework */ = {isa = PBXFileReference; explicitFileType = wrapper.framework; includeInIndex = 0; path = Pods_Instagram_likeUITests.framework; sourceTree = BUILT_PRODUCTS_DIR; };
		C1C9FC542B9A1012F947C6F1 /* Pods-Instagram-like.debug.xcconfig */ = {isa = PBXFileReference; includeInIndex = 1; lastKnownFileType = text.xcconfig; name = "Pods-Instagram-like.debug.xcconfig"; path = "Pods/Target Support Files/Pods-Instagram-like/Pods-Instagram-like.debug.xcconfig"; sourceTree = "<group>"; };
		D102A62026DE7EA05B96F8D9 /* Pods-Instagram-likeUITests.debug.xcconfig */ = {isa = PBXFileReference; includeInIndex = 1; lastKnownFileType = text.xcconfig; name = "Pods-Instagram-likeUITests.debug.xcconfig"; path = "Pods/Target Support Files/Pods-Instagram-likeUITests/Pods-Instagram-likeUITests.debug.xcconfig"; sourceTree = "<group>"; };
		FCA8950320C08BFB00DDB37D /* UploadViewController.swift */ = {isa = PBXFileReference; lastKnownFileType = sourcecode.swift; path = UploadViewController.swift; sourceTree = "<group>"; };
		FCA8950520C0DDE900DDB37D /* PostCell.swift */ = {isa = PBXFileReference; lastKnownFileType = sourcecode.swift; path = PostCell.swift; sourceTree = "<group>"; };
		FCA8950720C0E06000DDB37D /* Post.swift */ = {isa = PBXFileReference; lastKnownFileType = sourcecode.swift; path = Post.swift; sourceTree = "<group>"; };
		FCA8950920C0E10200DDB37D /* FeedViewController.swift */ = {isa = PBXFileReference; lastKnownFileType = sourcecode.swift; path = FeedViewController.swift; sourceTree = "<group>"; };
		FCE366FB20BDCABD0029A38E /* Instagram-like.app */ = {isa = PBXFileReference; explicitFileType = wrapper.application; includeInIndex = 0; path = "Instagram-like.app"; sourceTree = BUILT_PRODUCTS_DIR; };
		FCE366FE20BDCABD0029A38E /* AppDelegate.swift */ = {isa = PBXFileReference; lastKnownFileType = sourcecode.swift; path = AppDelegate.swift; sourceTree = "<group>"; };
		FCE3670320BDCABD0029A38E /* Base */ = {isa = PBXFileReference; lastKnownFileType = file.storyboard; name = Base; path = Base.lproj/Main.storyboard; sourceTree = "<group>"; };
		FCE3670520BDCABF0029A38E /* Assets.xcassets */ = {isa = PBXFileReference; lastKnownFileType = folder.assetcatalog; path = Assets.xcassets; sourceTree = "<group>"; };
		FCE3670820BDCABF0029A38E /* Base */ = {isa = PBXFileReference; lastKnownFileType = file.storyboard; name = Base; path = Base.lproj/LaunchScreen.storyboard; sourceTree = "<group>"; };
		FCE3670A20BDCABF0029A38E /* Info.plist */ = {isa = PBXFileReference; lastKnownFileType = text.plist.xml; path = Info.plist; sourceTree = "<group>"; };
		FCE3670F20BDCABF0029A38E /* Instagram-likeTests.xctest */ = {isa = PBXFileReference; explicitFileType = wrapper.cfbundle; includeInIndex = 0; path = "Instagram-likeTests.xctest"; sourceTree = BUILT_PRODUCTS_DIR; };
		FCE3671320BDCABF0029A38E /* Instagram_likeTests.swift */ = {isa = PBXFileReference; lastKnownFileType = sourcecode.swift; path = Instagram_likeTests.swift; sourceTree = "<group>"; };
		FCE3671520BDCABF0029A38E /* Info.plist */ = {isa = PBXFileReference; lastKnownFileType = text.plist.xml; path = Info.plist; sourceTree = "<group>"; };
		FCE3671A20BDCABF0029A38E /* Instagram-likeUITests.xctest */ = {isa = PBXFileReference; explicitFileType = wrapper.cfbundle; includeInIndex = 0; path = "Instagram-likeUITests.xctest"; sourceTree = BUILT_PRODUCTS_DIR; };
		FCE3671E20BDCABF0029A38E /* Instagram_likeUITests.swift */ = {isa = PBXFileReference; lastKnownFileType = sourcecode.swift; path = Instagram_likeUITests.swift; sourceTree = "<group>"; };
		FCE3672020BDCABF0029A38E /* Info.plist */ = {isa = PBXFileReference; lastKnownFileType = text.plist.xml; path = Info.plist; sourceTree = "<group>"; };
		FCE3672C20BDCCF50029A38E /* GoogleService-Info.plist */ = {isa = PBXFileReference; fileEncoding = 4; lastKnownFileType = text.plist.xml; path = "GoogleService-Info.plist"; sourceTree = "<group>"; };
		FCE3672E20BDD7B70029A38E /* SignUpViewController.swift */ = {isa = PBXFileReference; lastKnownFileType = sourcecode.swift; path = SignUpViewController.swift; sourceTree = "<group>"; };
		FCE3673020C03F0F0029A38E /* LoginViewController.swift */ = {isa = PBXFileReference; lastKnownFileType = sourcecode.swift; path = LoginViewController.swift; sourceTree = "<group>"; };
		FCE3673220C049980029A38E /* UserCell.swift */ = {isa = PBXFileReference; lastKnownFileType = sourcecode.swift; path = UserCell.swift; sourceTree = "<group>"; };
		FCE3673420C04E5D0029A38E /* UsersViewController.swift */ = {isa = PBXFileReference; lastKnownFileType = sourcecode.swift; path = UsersViewController.swift; sourceTree = "<group>"; };
		FCE3673920C053810029A38E /* User.swift */ = {isa = PBXFileReference; lastKnownFileType = sourcecode.swift; path = User.swift; sourceTree = "<group>"; };
/* End PBXFileReference section */

/* Begin PBXFrameworksBuildPhase section */
		FCE366F820BDCABC0029A38E /* Frameworks */ = {
			isa = PBXFrameworksBuildPhase;
			buildActionMask = 2147483647;
			files = (
				91944DB959917DC334637806 /* Pods_Instagram_like.framework in Frameworks */,
			);
			runOnlyForDeploymentPostprocessing = 0;
		};
		FCE3670C20BDCABF0029A38E /* Frameworks */ = {
			isa = PBXFrameworksBuildPhase;
			buildActionMask = 2147483647;
			files = (
				9F7A6BFDFDCBF088A773DD22 /* Pods_Instagram_likeTests.framework in Frameworks */,
			);
			runOnlyForDeploymentPostprocessing = 0;
		};
		FCE3671720BDCABF0029A38E /* Frameworks */ = {
			isa = PBXFrameworksBuildPhase;
			buildActionMask = 2147483647;
			files = (
				7F492DCA33B063CC522864B0 /* Pods_Instagram_likeUITests.framework in Frameworks */,
			);
			runOnlyForDeploymentPostprocessing = 0;
		};
/* End PBXFrameworksBuildPhase section */

/* Begin PBXGroup section */
		2EE0B40ABCCBE8C8039A3778 /* Frameworks */ = {
			isa = PBXGroup;
			children = (
				7C77130E85A433F4E8734680 /* Pods_Instagram_like.framework */,
				1F35EA2E21176AA2A4A8FF73 /* Pods_Instagram_likeTests.framework */,
				A6610F11D518819CB91959F5 /* Pods_Instagram_likeUITests.framework */,
			);
			name = Frameworks;
			sourceTree = "<group>";
		};
		897F4BBFE26B78069AD4843A /* Pods */ = {
			isa = PBXGroup;
			children = (
				C1C9FC542B9A1012F947C6F1 /* Pods-Instagram-like.debug.xcconfig */,
				72596291AC120053663B2FE7 /* Pods-Instagram-like.release.xcconfig */,
				9AFE1370A2011CBF650BE587 /* Pods-Instagram-likeTests.debug.xcconfig */,
				5814FDFCAE11065174A714B8 /* Pods-Instagram-likeTests.release.xcconfig */,
				D102A62026DE7EA05B96F8D9 /* Pods-Instagram-likeUITests.debug.xcconfig */,
				9AAF0B5AE8C95388BB6128D4 /* Pods-Instagram-likeUITests.release.xcconfig */,
			);
			name = Pods;
			sourceTree = "<group>";
		};
		FCE366F220BDCABC0029A38E = {
			isa = PBXGroup;
			children = (
				FCE366FD20BDCABD0029A38E /* Instagram-like */,
				FCE3671220BDCABF0029A38E /* Instagram-likeTests */,
				FCE3671D20BDCABF0029A38E /* Instagram-likeUITests */,
				FCE366FC20BDCABD0029A38E /* Products */,
				897F4BBFE26B78069AD4843A /* Pods */,
				2EE0B40ABCCBE8C8039A3778 /* Frameworks */,
			);
			sourceTree = "<group>";
		};
		FCE366FC20BDCABD0029A38E /* Products */ = {
			isa = PBXGroup;
			children = (
				FCE366FB20BDCABD0029A38E /* Instagram-like.app */,
				FCE3670F20BDCABF0029A38E /* Instagram-likeTests.xctest */,
				FCE3671A20BDCABF0029A38E /* Instagram-likeUITests.xctest */,
			);
			name = Products;
			sourceTree = "<group>";
		};
		FCE366FD20BDCABD0029A38E /* Instagram-like */ = {
			isa = PBXGroup;
			children = (
				FCE3673820C0535E0029A38E /* Objects */,
				FCE3673720C052FD0029A38E /* Custom Cell */,
				FCE3673620C0528A0029A38E /* View Controllers */,
				FCE366FE20BDCABD0029A38E /* AppDelegate.swift */,
				FCE3670220BDCABD0029A38E /* Main.storyboard */,
				FCE3670520BDCABF0029A38E /* Assets.xcassets */,
				FCE3670720BDCABF0029A38E /* LaunchScreen.storyboard */,
				FCE3670A20BDCABF0029A38E /* Info.plist */,
				FCE3672C20BDCCF50029A38E /* GoogleService-Info.plist */,
			);
			path = "Instagram-like";
			sourceTree = "<group>";
		};
		FCE3671220BDCABF0029A38E /* Instagram-likeTests */ = {
			isa = PBXGroup;
			children = (
				FCE3671320BDCABF0029A38E /* Instagram_likeTests.swift */,
				FCE3671520BDCABF0029A38E /* Info.plist */,
			);
			path = "Instagram-likeTests";
			sourceTree = "<group>";
		};
		FCE3671D20BDCABF0029A38E /* Instagram-likeUITests */ = {
			isa = PBXGroup;
			children = (
				FCE3671E20BDCABF0029A38E /* Instagram_likeUITests.swift */,
				FCE3672020BDCABF0029A38E /* Info.plist */,
			);
			path = "Instagram-likeUITests";
			sourceTree = "<group>";
		};
		FCE3673620C0528A0029A38E /* View Controllers */ = {
			isa = PBXGroup;
			children = (
				FCE3672E20BDD7B70029A38E /* SignUpViewController.swift */,
				FCE3673020C03F0F0029A38E /* LoginViewController.swift */,
				FCE3673420C04E5D0029A38E /* UsersViewController.swift */,
				FCA8950320C08BFB00DDB37D /* UploadViewController.swift */,
				FCA8950920C0E10200DDB37D /* FeedViewController.swift */,
			);
			path = "View Controllers";
			sourceTree = "<group>";
		};
		FCE3673720C052FD0029A38E /* Custom Cell */ = {
			isa = PBXGroup;
			children = (
				FCE3673220C049980029A38E /* UserCell.swift */,
				FCA8950520C0DDE900DDB37D /* PostCell.swift */,
			);
			path = "Custom Cell";
			sourceTree = "<group>";
		};
		FCE3673820C0535E0029A38E /* Objects */ = {
			isa = PBXGroup;
			children = (
				FCE3673920C053810029A38E /* User.swift */,
				FCA8950720C0E06000DDB37D /* Post.swift */,
			);
			path = Objects;
			sourceTree = "<group>";
		};
/* End PBXGroup section */

/* Begin PBXNativeTarget section */
		FCE366FA20BDCABC0029A38E /* Instagram-like */ = {
			isa = PBXNativeTarget;
			buildConfigurationList = FCE3672320BDCABF0029A38E /* Build configuration list for PBXNativeTarget "Instagram-like" */;
			buildPhases = (
				3BBFEFD30970F80D0040ECA4 /* [CP] Check Pods Manifest.lock */,
				FCE366F720BDCABC0029A38E /* Sources */,
				FCE366F820BDCABC0029A38E /* Frameworks */,
				FCE366F920BDCABC0029A38E /* Resources */,
				3F1B24E3182027E19906546C /* [CP] Embed Pods Frameworks */,
			);
			buildRules = (
			);
			dependencies = (
			);
			name = "Instagram-like";
			productName = "Instagram-like";
			productReference = FCE366FB20BDCABD0029A38E /* Instagram-like.app */;
			productType = "com.apple.product-type.application";
		};
		FCE3670E20BDCABF0029A38E /* Instagram-likeTests */ = {
			isa = PBXNativeTarget;
			buildConfigurationList = FCE3672620BDCABF0029A38E /* Build configuration list for PBXNativeTarget "Instagram-likeTests" */;
			buildPhases = (
				0647C69FB75E20FE19CA8E66 /* [CP] Check Pods Manifest.lock */,
				FCE3670B20BDCABF0029A38E /* Sources */,
				FCE3670C20BDCABF0029A38E /* Frameworks */,
				FCE3670D20BDCABF0029A38E /* Resources */,
			);
			buildRules = (
			);
			dependencies = (
				FCE3671120BDCABF0029A38E /* PBXTargetDependency */,
			);
			name = "Instagram-likeTests";
			productName = "Instagram-likeTests";
			productReference = FCE3670F20BDCABF0029A38E /* Instagram-likeTests.xctest */;
			productType = "com.apple.product-type.bundle.unit-test";
		};
		FCE3671920BDCABF0029A38E /* Instagram-likeUITests */ = {
			isa = PBXNativeTarget;
			buildConfigurationList = FCE3672920BDCABF0029A38E /* Build configuration list for PBXNativeTarget "Instagram-likeUITests" */;
			buildPhases = (
				065E4CD4ADE1512F2F6EAD0B /* [CP] Check Pods Manifest.lock */,
				FCE3671620BDCABF0029A38E /* Sources */,
				FCE3671720BDCABF0029A38E /* Frameworks */,
				FCE3671820BDCABF0029A38E /* Resources */,
			);
			buildRules = (
			);
			dependencies = (
				FCE3671C20BDCABF0029A38E /* PBXTargetDependency */,
			);
			name = "Instagram-likeUITests";
			productName = "Instagram-likeUITests";
			productReference = FCE3671A20BDCABF0029A38E /* Instagram-likeUITests.xctest */;
			productType = "com.apple.product-type.bundle.ui-testing";
		};
/* End PBXNativeTarget section */

/* Begin PBXProject section */
		FCE366F320BDCABC0029A38E /* Project object */ = {
			isa = PBXProject;
			attributes = {
				LastSwiftUpdateCheck = 0930;
				LastUpgradeCheck = 0930;
				ORGANIZATIONNAME = "Pickle Rick";
				TargetAttributes = {
					FCE366FA20BDCABC0029A38E = {
						CreatedOnToolsVersion = 9.3.1;
					};
					FCE3670E20BDCABF0029A38E = {
						CreatedOnToolsVersion = 9.3.1;
						TestTargetID = FCE366FA20BDCABC0029A38E;
					};
					FCE3671920BDCABF0029A38E = {
						CreatedOnToolsVersion = 9.3.1;
						TestTargetID = FCE366FA20BDCABC0029A38E;
					};
				};
			};
			buildConfigurationList = FCE366F620BDCABC0029A38E /* Build configuration list for PBXProject "Instagram-like" */;
			compatibilityVersion = "Xcode 9.3";
			developmentRegion = en;
			hasScannedForEncodings = 0;
			knownRegions = (
				en,
				Base,
			);
			mainGroup = FCE366F220BDCABC0029A38E;
			productRefGroup = FCE366FC20BDCABD0029A38E /* Products */;
			projectDirPath = "";
			projectRoot = "";
			targets = (
				FCE366FA20BDCABC0029A38E /* Instagram-like */,
				FCE3670E20BDCABF0029A38E /* Instagram-likeTests */,
				FCE3671920BDCABF0029A38E /* Instagram-likeUITests */,
			);
		};
/* End PBXProject section */

/* Begin PBXResourcesBuildPhase section */
		FCE366F920BDCABC0029A38E /* Resources */ = {
			isa = PBXResourcesBuildPhase;
			buildActionMask = 2147483647;
			files = (
				FCE3670920BDCABF0029A38E /* LaunchScreen.storyboard in Resources */,
				FCE3672D20BDCCF50029A38E /* GoogleService-Info.plist in Resources */,
				FCE3670620BDCABF0029A38E /* Assets.xcassets in Resources */,
				FCE3670420BDCABD0029A38E /* Main.storyboard in Resources */,
			);
			runOnlyForDeploymentPostprocessing = 0;
		};
		FCE3670D20BDCABF0029A38E /* Resources */ = {
			isa = PBXResourcesBuildPhase;
			buildActionMask = 2147483647;
			files = (
			);
			runOnlyForDeploymentPostprocessing = 0;
		};
		FCE3671820BDCABF0029A38E /* Resources */ = {
			isa = PBXResourcesBuildPhase;
			buildActionMask = 2147483647;
			files = (
			);
			runOnlyForDeploymentPostprocessing = 0;
		};
/* End PBXResourcesBuildPhase section */

/* Begin PBXShellScriptBuildPhase section */
		0647C69FB75E20FE19CA8E66 /* [CP] Check Pods Manifest.lock */ = {
			isa = PBXShellScriptBuildPhase;
			buildActionMask = 2147483647;
			files = (
			);
			inputPaths = (
				"${PODS_PODFILE_DIR_PATH}/Podfile.lock",
				"${PODS_ROOT}/Manifest.lock",
			);
			name = "[CP] Check Pods Manifest.lock";
			outputPaths = (
				"$(DERIVED_FILE_DIR)/Pods-Instagram-likeTests-checkManifestLockResult.txt",
			);
			runOnlyForDeploymentPostprocessing = 0;
			shellPath = /bin/sh;
			shellScript = "diff \"${PODS_PODFILE_DIR_PATH}/Podfile.lock\" \"${PODS_ROOT}/Manifest.lock\" > /dev/null\nif [ $? != 0 ] ; then\n    # print error to STDERR\n    echo \"error: The sandbox is not in sync with the Podfile.lock. Run 'pod install' or update your CocoaPods installation.\" >&2\n    exit 1\nfi\n# This output is used by Xcode 'outputs' to avoid re-running this script phase.\necho \"SUCCESS\" > \"${SCRIPT_OUTPUT_FILE_0}\"\n";
			showEnvVarsInLog = 0;
		};
		065E4CD4ADE1512F2F6EAD0B /* [CP] Check Pods Manifest.lock */ = {
			isa = PBXShellScriptBuildPhase;
			buildActionMask = 2147483647;
			files = (
			);
			inputPaths = (
				"${PODS_PODFILE_DIR_PATH}/Podfile.lock",
				"${PODS_ROOT}/Manifest.lock",
			);
			name = "[CP] Check Pods Manifest.lock";
			outputPaths = (
				"$(DERIVED_FILE_DIR)/Pods-Instagram-likeUITests-checkManifestLockResult.txt",
			);
			runOnlyForDeploymentPostprocessing = 0;
			shellPath = /bin/sh;
			shellScript = "diff \"${PODS_PODFILE_DIR_PATH}/Podfile.lock\" \"${PODS_ROOT}/Manifest.lock\" > /dev/null\nif [ $? != 0 ] ; then\n    # print error to STDERR\n    echo \"error: The sandbox is not in sync with the Podfile.lock. Run 'pod install' or update your CocoaPods installation.\" >&2\n    exit 1\nfi\n# This output is used by Xcode 'outputs' to avoid re-running this script phase.\necho \"SUCCESS\" > \"${SCRIPT_OUTPUT_FILE_0}\"\n";
			showEnvVarsInLog = 0;
		};
		3BBFEFD30970F80D0040ECA4 /* [CP] Check Pods Manifest.lock */ = {
			isa = PBXShellScriptBuildPhase;
			buildActionMask = 2147483647;
			files = (
			);
			inputPaths = (
				"${PODS_PODFILE_DIR_PATH}/Podfile.lock",
				"${PODS_ROOT}/Manifest.lock",
			);
			name = "[CP] Check Pods Manifest.lock";
			outputPaths = (
				"$(DERIVED_FILE_DIR)/Pods-Instagram-like-checkManifestLockResult.txt",
			);
			runOnlyForDeploymentPostprocessing = 0;
			shellPath = /bin/sh;
			shellScript = "diff \"${PODS_PODFILE_DIR_PATH}/Podfile.lock\" \"${PODS_ROOT}/Manifest.lock\" > /dev/null\nif [ $? != 0 ] ; then\n    # print error to STDERR\n    echo \"error: The sandbox is not in sync with the Podfile.lock. Run 'pod install' or update your CocoaPods installation.\" >&2\n    exit 1\nfi\n# This output is used by Xcode 'outputs' to avoid re-running this script phase.\necho \"SUCCESS\" > \"${SCRIPT_OUTPUT_FILE_0}\"\n";
			showEnvVarsInLog = 0;
		};
		3F1B24E3182027E19906546C /* [CP] Embed Pods Frameworks */ = {
			isa = PBXShellScriptBuildPhase;
			buildActionMask = 2147483647;
			files = (
			);
			inputPaths = (
				"${SRCROOT}/Pods/Target Support Files/Pods-Instagram-like/Pods-Instagram-like-frameworks.sh",
				"${BUILT_PRODUCTS_DIR}/GTMSessionFetcher/GTMSessionFetcher.framework",
				"${BUILT_PRODUCTS_DIR}/GoogleToolboxForMac/GoogleToolboxForMac.framework",
				"${BUILT_PRODUCTS_DIR}/leveldb-library/leveldb.framework",
				"${BUILT_PRODUCTS_DIR}/nanopb/nanopb.framework",
			);
			name = "[CP] Embed Pods Frameworks";
			outputPaths = (
				"${TARGET_BUILD_DIR}/${FRAMEWORKS_FOLDER_PATH}/GTMSessionFetcher.framework",
				"${TARGET_BUILD_DIR}/${FRAMEWORKS_FOLDER_PATH}/GoogleToolboxForMac.framework",
				"${TARGET_BUILD_DIR}/${FRAMEWORKS_FOLDER_PATH}/leveldb.framework",
				"${TARGET_BUILD_DIR}/${FRAMEWORKS_FOLDER_PATH}/nanopb.framework",
			);
			runOnlyForDeploymentPostprocessing = 0;
			shellPath = /bin/sh;
			shellScript = "\"${SRCROOT}/Pods/Target Support Files/Pods-Instagram-like/Pods-Instagram-like-frameworks.sh\"\n";
			showEnvVarsInLog = 0;
		};
/* End PBXShellScriptBuildPhase section */

/* Begin PBXSourcesBuildPhase section */
		FCE366F720BDCABC0029A38E /* Sources */ = {
			isa = PBXSourcesBuildPhase;
			buildActionMask = 2147483647;
			files = (
				FCE3673320C049980029A38E /* UserCell.swift in Sources */,
				FCA8950420C08BFB00DDB37D /* UploadViewController.swift in Sources */,
				FCA8950A20C0E10200DDB37D /* FeedViewController.swift in Sources */,
				FCE3673120C03F0F0029A38E /* LoginViewController.swift in Sources */,
				FCE3673A20C053810029A38E /* User.swift in Sources */,
				FCE3673520C04E5D0029A38E /* UsersViewController.swift in Sources */,
				FCE3672F20BDD7B70029A38E /* SignUpViewController.swift in Sources */,
				FCA8950820C0E06000DDB37D /* Post.swift in Sources */,
				FCE366FF20BDCABD0029A38E /* AppDelegate.swift in Sources */,
				FCA8950620C0DDE900DDB37D /* PostCell.swift in Sources */,
			);
			runOnlyForDeploymentPostprocessing = 0;
		};
		FCE3670B20BDCABF0029A38E /* Sources */ = {
			isa = PBXSourcesBuildPhase;
			buildActionMask = 2147483647;
			files = (
				FCE3671420BDCABF0029A38E /* Instagram_likeTests.swift in Sources */,
			);
			runOnlyForDeploymentPostprocessing = 0;
		};
		FCE3671620BDCABF0029A38E /* Sources */ = {
			isa = PBXSourcesBuildPhase;
			buildActionMask = 2147483647;
			files = (
				FCE3671F20BDCABF0029A38E /* Instagram_likeUITests.swift in Sources */,
			);
			runOnlyForDeploymentPostprocessing = 0;
		};
/* End PBXSourcesBuildPhase section */

/* Begin PBXTargetDependency section */
		FCE3671120BDCABF0029A38E /* PBXTargetDependency */ = {
			isa = PBXTargetDependency;
			target = FCE366FA20BDCABC0029A38E /* Instagram-like */;
			targetProxy = FCE3671020BDCABF0029A38E /* PBXContainerItemProxy */;
		};
		FCE3671C20BDCABF0029A38E /* PBXTargetDependency */ = {
			isa = PBXTargetDependency;
			target = FCE366FA20BDCABC0029A38E /* Instagram-like */;
			targetProxy = FCE3671B20BDCABF0029A38E /* PBXContainerItemProxy */;
		};
/* End PBXTargetDependency section */

/* Begin PBXVariantGroup section */
		FCE3670220BDCABD0029A38E /* Main.storyboard */ = {
			isa = PBXVariantGroup;
			children = (
				FCE3670320BDCABD0029A38E /* Base */,
			);
			name = Main.storyboard;
			sourceTree = "<group>";
		};
		FCE3670720BDCABF0029A38E /* LaunchScreen.storyboard */ = {
			isa = PBXVariantGroup;
			children = (
				FCE3670820BDCABF0029A38E /* Base */,
			);
			name = LaunchScreen.storyboard;
			sourceTree = "<group>";
		};
/* End PBXVariantGroup section */

/* Begin XCBuildConfiguration section */
		FCE3672120BDCABF0029A38E /* Debug */ = {
			isa = XCBuildConfiguration;
			buildSettings = {
				ALWAYS_SEARCH_USER_PATHS = NO;
				CLANG_ANALYZER_NONNULL = YES;
				CLANG_ANALYZER_NUMBER_OBJECT_CONVERSION = YES_AGGRESSIVE;
				CLANG_CXX_LANGUAGE_STANDARD = "gnu++14";
				CLANG_CXX_LIBRARY = "libc++";
				CLANG_ENABLE_MODULES = YES;
				CLANG_ENABLE_OBJC_ARC = YES;
				CLANG_ENABLE_OBJC_WEAK = YES;
				CLANG_WARN_BLOCK_CAPTURE_AUTORELEASING = YES;
				CLANG_WARN_BOOL_CONVERSION = YES;
				CLANG_WARN_COMMA = YES;
				CLANG_WARN_CONSTANT_CONVERSION = YES;
				CLANG_WARN_DEPRECATED_OBJC_IMPLEMENTATIONS = YES;
				CLANG_WARN_DIRECT_OBJC_ISA_USAGE = YES_ERROR;
				CLANG_WARN_DOCUMENTATION_COMMENTS = YES;
				CLANG_WARN_EMPTY_BODY = YES;
				CLANG_WARN_ENUM_CONVERSION = YES;
				CLANG_WARN_INFINITE_RECURSION = YES;
				CLANG_WARN_INT_CONVERSION = YES;
				CLANG_WARN_NON_LITERAL_NULL_CONVERSION = YES;
				CLANG_WARN_OBJC_IMPLICIT_RETAIN_SELF = YES;
				CLANG_WARN_OBJC_LITERAL_CONVERSION = YES;
				CLANG_WARN_OBJC_ROOT_CLASS = YES_ERROR;
				CLANG_WARN_RANGE_LOOP_ANALYSIS = YES;
				CLANG_WARN_STRICT_PROTOTYPES = YES;
				CLANG_WARN_SUSPICIOUS_MOVE = YES;
				CLANG_WARN_UNGUARDED_AVAILABILITY = YES_AGGRESSIVE;
				CLANG_WARN_UNREACHABLE_CODE = YES;
				CLANG_WARN__DUPLICATE_METHOD_MATCH = YES;
				CODE_SIGN_IDENTITY = "iPhone Developer";
				COPY_PHASE_STRIP = NO;
				DEBUG_INFORMATION_FORMAT = dwarf;
				ENABLE_STRICT_OBJC_MSGSEND = YES;
				ENABLE_TESTABILITY = YES;
				GCC_C_LANGUAGE_STANDARD = gnu11;
				GCC_DYNAMIC_NO_PIC = NO;
				GCC_NO_COMMON_BLOCKS = YES;
				GCC_OPTIMIZATION_LEVEL = 0;
				GCC_PREPROCESSOR_DEFINITIONS = (
					"DEBUG=1",
					"$(inherited)",
				);
				GCC_WARN_64_TO_32_BIT_CONVERSION = YES;
				GCC_WARN_ABOUT_RETURN_TYPE = YES_ERROR;
				GCC_WARN_UNDECLARED_SELECTOR = YES;
				GCC_WARN_UNINITIALIZED_AUTOS = YES_AGGRESSIVE;
				GCC_WARN_UNUSED_FUNCTION = YES;
				GCC_WARN_UNUSED_VARIABLE = YES;
				IPHONEOS_DEPLOYMENT_TARGET = 11.3;
				MTL_ENABLE_DEBUG_INFO = YES;
				ONLY_ACTIVE_ARCH = YES;
				SDKROOT = iphoneos;
				SWIFT_ACTIVE_COMPILATION_CONDITIONS = DEBUG;
				SWIFT_OPTIMIZATION_LEVEL = "-Onone";
			};
			name = Debug;
		};
		FCE3672220BDCABF0029A38E /* Release */ = {
			isa = XCBuildConfiguration;
			buildSettings = {
				ALWAYS_SEARCH_USER_PATHS = NO;
				CLANG_ANALYZER_NONNULL = YES;
				CLANG_ANALYZER_NUMBER_OBJECT_CONVERSION = YES_AGGRESSIVE;
				CLANG_CXX_LANGUAGE_STANDARD = "gnu++14";
				CLANG_CXX_LIBRARY = "libc++";
				CLANG_ENABLE_MODULES = YES;
				CLANG_ENABLE_OBJC_ARC = YES;
				CLANG_ENABLE_OBJC_WEAK = YES;
				CLANG_WARN_BLOCK_CAPTURE_AUTORELEASING = YES;
				CLANG_WARN_BOOL_CONVERSION = YES;
				CLANG_WARN_COMMA = YES;
				CLANG_WARN_CONSTANT_CONVERSION = YES;
				CLANG_WARN_DEPRECATED_OBJC_IMPLEMENTATIONS = YES;
				CLANG_WARN_DIRECT_OBJC_ISA_USAGE = YES_ERROR;
				CLANG_WARN_DOCUMENTATION_COMMENTS = YES;
				CLANG_WARN_EMPTY_BODY = YES;
				CLANG_WARN_ENUM_CONVERSION = YES;
				CLANG_WARN_INFINITE_RECURSION = YES;
				CLANG_WARN_INT_CONVERSION = YES;
				CLANG_WARN_NON_LITERAL_NULL_CONVERSION = YES;
				CLANG_WARN_OBJC_IMPLICIT_RETAIN_SELF = YES;
				CLANG_WARN_OBJC_LITERAL_CONVERSION = YES;
				CLANG_WARN_OBJC_ROOT_CLASS = YES_ERROR;
				CLANG_WARN_RANGE_LOOP_ANALYSIS = YES;
				CLANG_WARN_STRICT_PROTOTYPES = YES;
				CLANG_WARN_SUSPICIOUS_MOVE = YES;
				CLANG_WARN_UNGUARDED_AVAILABILITY = YES_AGGRESSIVE;
				CLANG_WARN_UNREACHABLE_CODE = YES;
				CLANG_WARN__DUPLICATE_METHOD_MATCH = YES;
				CODE_SIGN_IDENTITY = "iPhone Developer";
				COPY_PHASE_STRIP = NO;
				DEBUG_INFORMATION_FORMAT = "dwarf-with-dsym";
				ENABLE_NS_ASSERTIONS = NO;
				ENABLE_STRICT_OBJC_MSGSEND = YES;
				GCC_C_LANGUAGE_STANDARD = gnu11;
				GCC_NO_COMMON_BLOCKS = YES;
				GCC_WARN_64_TO_32_BIT_CONVERSION = YES;
				GCC_WARN_ABOUT_RETURN_TYPE = YES_ERROR;
				GCC_WARN_UNDECLARED_SELECTOR = YES;
				GCC_WARN_UNINITIALIZED_AUTOS = YES_AGGRESSIVE;
				GCC_WARN_UNUSED_FUNCTION = YES;
				GCC_WARN_UNUSED_VARIABLE = YES;
				IPHONEOS_DEPLOYMENT_TARGET = 11.3;
				MTL_ENABLE_DEBUG_INFO = NO;
				SDKROOT = iphoneos;
				SWIFT_COMPILATION_MODE = wholemodule;
				SWIFT_OPTIMIZATION_LEVEL = "-O";
				VALIDATE_PRODUCT = YES;
			};
			name = Release;
		};
		FCE3672420BDCABF0029A38E /* Debug */ = {
			isa = XCBuildConfiguration;
			baseConfigurationReference = C1C9FC542B9A1012F947C6F1 /* Pods-Instagram-like.debug.xcconfig */;
			buildSettings = {
				ASSETCATALOG_COMPILER_APPICON_NAME = AppIcon;
				CODE_SIGN_STYLE = Automatic;
				INFOPLIST_FILE = "Instagram-like/Info.plist";
				LD_RUNPATH_SEARCH_PATHS = (
					"$(inherited)",
					"@executable_path/Frameworks",
				);
				PRODUCT_BUNDLE_IDENTIFIER = "com.vyrl.Instagram-like";
				PRODUCT_NAME = "$(TARGET_NAME)";
				SWIFT_VERSION = 4.0;
				TARGETED_DEVICE_FAMILY = "1,2";
			};
			name = Debug;
		};
		FCE3672520BDCABF0029A38E /* Release */ = {
			isa = XCBuildConfiguration;
			baseConfigurationReference = 72596291AC120053663B2FE7 /* Pods-Instagram-like.release.xcconfig */;
			buildSettings = {
				ASSETCATALOG_COMPILER_APPICON_NAME = AppIcon;
				CODE_SIGN_STYLE = Automatic;
				INFOPLIST_FILE = "Instagram-like/Info.plist";
				LD_RUNPATH_SEARCH_PATHS = (
					"$(inherited)",
					"@executable_path/Frameworks",
				);
				PRODUCT_BUNDLE_IDENTIFIER = "com.vyrl.Instagram-like";
				PRODUCT_NAME = "$(TARGET_NAME)";
				SWIFT_VERSION = 4.0;
				TARGETED_DEVICE_FAMILY = "1,2";
			};
			name = Release;
		};
		FCE3672720BDCABF0029A38E /* Debug */ = {
			isa = XCBuildConfiguration;
			baseConfigurationReference = 9AFE1370A2011CBF650BE587 /* Pods-Instagram-likeTests.debug.xcconfig */;
			buildSettings = {
				ALWAYS_EMBED_SWIFT_STANDARD_LIBRARIES = YES;
				BUNDLE_LOADER = "$(TEST_HOST)";
				CODE_SIGN_STYLE = Automatic;
				INFOPLIST_FILE = "Instagram-likeTests/Info.plist";
				LD_RUNPATH_SEARCH_PATHS = (
					"$(inherited)",
					"@executable_path/Frameworks",
					"@loader_path/Frameworks",
				);
				PRODUCT_BUNDLE_IDENTIFIER = "com.vyrl.Instagram-likeTests";
				PRODUCT_NAME = "$(TARGET_NAME)";
				SWIFT_VERSION = 4.0;
				TARGETED_DEVICE_FAMILY = "1,2";
				TEST_HOST = "$(BUILT_PRODUCTS_DIR)/Instagram-like.app/Instagram-like";
			};
			name = Debug;
		};
		FCE3672820BDCABF0029A38E /* Release */ = {
			isa = XCBuildConfiguration;
			baseConfigurationReference = 5814FDFCAE11065174A714B8 /* Pods-Instagram-likeTests.release.xcconfig */;
			buildSettings = {
				ALWAYS_EMBED_SWIFT_STANDARD_LIBRARIES = YES;
				BUNDLE_LOADER = "$(TEST_HOST)";
				CODE_SIGN_STYLE = Automatic;
				INFOPLIST_FILE = "Instagram-likeTests/Info.plist";
				LD_RUNPATH_SEARCH_PATHS = (
					"$(inherited)",
					"@executable_path/Frameworks",
					"@loader_path/Frameworks",
				);
				PRODUCT_BUNDLE_IDENTIFIER = "com.vyrl.Instagram-likeTests";
				PRODUCT_NAME = "$(TARGET_NAME)";
				SWIFT_VERSION = 4.0;
				TARGETED_DEVICE_FAMILY = "1,2";
				TEST_HOST = "$(BUILT_PRODUCTS_DIR)/Instagram-like.app/Instagram-like";
			};
			name = Release;
		};
		FCE3672A20BDCABF0029A38E /* Debug */ = {
			isa = XCBuildConfiguration;
			baseConfigurationReference = D102A62026DE7EA05B96F8D9 /* Pods-Instagram-likeUITests.debug.xcconfig */;
			buildSettings = {
				ALWAYS_EMBED_SWIFT_STANDARD_LIBRARIES = YES;
				CODE_SIGN_STYLE = Automatic;
				INFOPLIST_FILE = "Instagram-likeUITests/Info.plist";
				LD_RUNPATH_SEARCH_PATHS = (
					"$(inherited)",
					"@executable_path/Frameworks",
					"@loader_path/Frameworks",
				);
				PRODUCT_BUNDLE_IDENTIFIER = "com.vyrl.Instagram-likeUITests";
				PRODUCT_NAME = "$(TARGET_NAME)";
				SWIFT_VERSION = 4.0;
				TARGETED_DEVICE_FAMILY = "1,2";
				TEST_TARGET_NAME = "Instagram-like";
			};
			name = Debug;
		};
		FCE3672B20BDCABF0029A38E /* Release */ = {
			isa = XCBuildConfiguration;
			baseConfigurationReference = 9AAF0B5AE8C95388BB6128D4 /* Pods-Instagram-likeUITests.release.xcconfig */;
			buildSettings = {
				ALWAYS_EMBED_SWIFT_STANDARD_LIBRARIES = YES;
				CODE_SIGN_STYLE = Automatic;
				INFOPLIST_FILE = "Instagram-likeUITests/Info.plist";
				LD_RUNPATH_SEARCH_PATHS = (
					"$(inherited)",
					"@executable_path/Frameworks",
					"@loader_path/Frameworks",
				);
				PRODUCT_BUNDLE_IDENTIFIER = "com.vyrl.Instagram-likeUITests";
				PRODUCT_NAME = "$(TARGET_NAME)";
				SWIFT_VERSION = 4.0;
				TARGETED_DEVICE_FAMILY = "1,2";
				TEST_TARGET_NAME = "Instagram-like";
			};
			name = Release;
		};
/* End XCBuildConfiguration section */

/* Begin XCConfigurationList section */
		FCE366F620BDCABC0029A38E /* Build configuration list for PBXProject "Instagram-like" */ = {
			isa = XCConfigurationList;
			buildConfigurations = (
				FCE3672120BDCABF0029A38E /* Debug */,
				FCE3672220BDCABF0029A38E /* Release */,
			);
			defaultConfigurationIsVisible = 0;
			defaultConfigurationName = Release;
		};
		FCE3672320BDCABF0029A38E /* Build configuration list for PBXNativeTarget "Instagram-like" */ = {
			isa = XCConfigurationList;
			buildConfigurations = (
				FCE3672420BDCABF0029A38E /* Debug */,
				FCE3672520BDCABF0029A38E /* Release */,
			);
			defaultConfigurationIsVisible = 0;
			defaultConfigurationName = Release;
		};
		FCE3672620BDCABF0029A38E /* Build configuration list for PBXNativeTarget "Instagram-likeTests" */ = {
			isa = XCConfigurationList;
			buildConfigurations = (
				FCE3672720BDCABF0029A38E /* Debug */,
				FCE3672820BDCABF0029A38E /* Release */,
			);
			defaultConfigurationIsVisible = 0;
			defaultConfigurationName = Release;
		};
		FCE3672920BDCABF0029A38E /* Build configuration list for PBXNativeTarget "Instagram-likeUITests" */ = {
			isa = XCConfigurationList;
			buildConfigurations = (
				FCE3672A20BDCABF0029A38E /* Debug */,
				FCE3672B20BDCABF0029A38E /* Release */,
			);
			defaultConfigurationIsVisible = 0;
			defaultConfigurationName = Release;
		};
/* End XCConfigurationList section */
	};
	rootObject = FCE366F320BDCABC0029A38E /* Project object */;
}
